// !$*UTF8*$!
{
	archiveVersion = 1;
	classes = {
	};
	objectVersion = 46;
	objects = {

/* Begin PBXBuildFile section */
		17CEB25CE3E3B9239828A974 /* Pods_HPHangman.framework in Frameworks */ = {isa = PBXBuildFile; fileRef = 345812F2871EC4AA4C10D2BD /* Pods_HPHangman.framework */; };
		A471EEA61E57672B00E3EE71 /* Game.swift in Sources */ = {isa = PBXBuildFile; fileRef = A471EEA51E57672B00E3EE71 /* Game.swift */; };
		A490D0D61E55E135004CE638 /* AppDelegate.swift in Sources */ = {isa = PBXBuildFile; fileRef = A490D0D51E55E135004CE638 /* AppDelegate.swift */; };
		A490D0DB1E55E135004CE638 /* Main.storyboard in Resources */ = {isa = PBXBuildFile; fileRef = A490D0D91E55E135004CE638 /* Main.storyboard */; };
		A490D0E01E55E135004CE638 /* Assets.xcassets in Resources */ = {isa = PBXBuildFile; fileRef = A490D0DF1E55E135004CE638 /* Assets.xcassets */; };
		A490D0E31E55E135004CE638 /* LaunchScreen.storyboard in Resources */ = {isa = PBXBuildFile; fileRef = A490D0E11E55E135004CE638 /* LaunchScreen.storyboard */; };
		A490D0EB1E55E1C0004CE638 /* User.swift in Sources */ = {isa = PBXBuildFile; fileRef = A490D0EA1E55E1C0004CE638 /* User.swift */; };
		A490D0ED1E55E20A004CE638 /* GringottsAccount.swift in Sources */ = {isa = PBXBuildFile; fileRef = A490D0EC1E55E20A004CE638 /* GringottsAccount.swift */; };
		A490D0FA1E55E842004CE638 /* HangmanGameVC.swift in Sources */ = {isa = PBXBuildFile; fileRef = A490D0F91E55E842004CE638 /* HangmanGameVC.swift */; };
		A490D0FC1E55E9BD004CE638 /* HangmanGameLogic.swift in Sources */ = {isa = PBXBuildFile; fileRef = A490D0FB1E55E9BD004CE638 /* HangmanGameLogic.swift */; };
		A490D0FE1E55F03F004CE638 /* wordListAPIClient.swift in Sources */ = {isa = PBXBuildFile; fileRef = A490D0FD1E55F03F004CE638 /* wordListAPIClient.swift */; };
		A490D1021E560F06004CE638 /* HomeScreenVC.swift in Sources */ = {isa = PBXBuildFile; fileRef = A490D1011E560F06004CE638 /* HomeScreenVC.swift */; };
		A4E8C3671E57D67A0081E6AA /* HangmanGameResultsViewController.swift in Sources */ = {isa = PBXBuildFile; fileRef = A4E8C3661E57D67A0081E6AA /* HangmanGameResultsViewController.swift */; };
/* End PBXBuildFile section */

/* Begin PBXFileReference section */
		2EE6A81A463B6DB07FB4D37B /* Pods-HPHangman.release.xcconfig */ = {isa = PBXFileReference; includeInIndex = 1; lastKnownFileType = text.xcconfig; name = "Pods-HPHangman.release.xcconfig"; path = "Pods/Target Support Files/Pods-HPHangman/Pods-HPHangman.release.xcconfig"; sourceTree = "<group>"; };
		339CDE8F172F6858BF2BFE58 /* Pods-HPHangman.debug.xcconfig */ = {isa = PBXFileReference; includeInIndex = 1; lastKnownFileType = text.xcconfig; name = "Pods-HPHangman.debug.xcconfig"; path = "Pods/Target Support Files/Pods-HPHangman/Pods-HPHangman.debug.xcconfig"; sourceTree = "<group>"; };
		345812F2871EC4AA4C10D2BD /* Pods_HPHangman.framework */ = {isa = PBXFileReference; explicitFileType = wrapper.framework; includeInIndex = 0; path = Pods_HPHangman.framework; sourceTree = BUILT_PRODUCTS_DIR; };
		A471EEA51E57672B00E3EE71 /* Game.swift */ = {isa = PBXFileReference; fileEncoding = 4; lastKnownFileType = sourcecode.swift; path = Game.swift; sourceTree = "<group>"; };
		A490D0D21E55E135004CE638 /* HPHangman.app */ = {isa = PBXFileReference; explicitFileType = wrapper.application; includeInIndex = 0; path = HPHangman.app; sourceTree = BUILT_PRODUCTS_DIR; };
		A490D0D51E55E135004CE638 /* AppDelegate.swift */ = {isa = PBXFileReference; lastKnownFileType = sourcecode.swift; path = AppDelegate.swift; sourceTree = "<group>"; };
		A490D0DA1E55E135004CE638 /* Base */ = {isa = PBXFileReference; lastKnownFileType = file.storyboard; name = Base; path = Base.lproj/Main.storyboard; sourceTree = "<group>"; };
		A490D0DF1E55E135004CE638 /* Assets.xcassets */ = {isa = PBXFileReference; lastKnownFileType = folder.assetcatalog; path = Assets.xcassets; sourceTree = "<group>"; };
		A490D0E21E55E135004CE638 /* Base */ = {isa = PBXFileReference; lastKnownFileType = file.storyboard; name = Base; path = Base.lproj/LaunchScreen.storyboard; sourceTree = "<group>"; };
		A490D0E41E55E135004CE638 /* Info.plist */ = {isa = PBXFileReference; lastKnownFileType = text.plist.xml; path = Info.plist; sourceTree = "<group>"; };
		A490D0EA1E55E1C0004CE638 /* User.swift */ = {isa = PBXFileReference; fileEncoding = 4; lastKnownFileType = sourcecode.swift; path = User.swift; sourceTree = "<group>"; };
		A490D0EC1E55E20A004CE638 /* GringottsAccount.swift */ = {isa = PBXFileReference; fileEncoding = 4; lastKnownFileType = sourcecode.swift; path = GringottsAccount.swift; sourceTree = "<group>"; };
		A490D0F91E55E842004CE638 /* HangmanGameVC.swift */ = {isa = PBXFileReference; fileEncoding = 4; lastKnownFileType = sourcecode.swift; path = HangmanGameVC.swift; sourceTree = "<group>"; };
		A490D0FB1E55E9BD004CE638 /* HangmanGameLogic.swift */ = {isa = PBXFileReference; fileEncoding = 4; lastKnownFileType = sourcecode.swift; path = HangmanGameLogic.swift; sourceTree = "<group>"; };
		A490D0FD1E55F03F004CE638 /* wordListAPIClient.swift */ = {isa = PBXFileReference; fileEncoding = 4; lastKnownFileType = sourcecode.swift; path = wordListAPIClient.swift; sourceTree = "<group>"; };
		A490D1011E560F06004CE638 /* HomeScreenVC.swift */ = {isa = PBXFileReference; fileEncoding = 4; lastKnownFileType = sourcecode.swift; path = HomeScreenVC.swift; sourceTree = "<group>"; };
		A4E8C3661E57D67A0081E6AA /* HangmanGameResultsViewController.swift */ = {isa = PBXFileReference; fileEncoding = 4; lastKnownFileType = sourcecode.swift; path = HangmanGameResultsViewController.swift; sourceTree = "<group>"; };
/* End PBXFileReference section */

/* Begin PBXFrameworksBuildPhase section */
		A490D0CF1E55E135004CE638 /* Frameworks */ = {
			isa = PBXFrameworksBuildPhase;
			buildActionMask = 2147483647;
			files = (
				17CEB25CE3E3B9239828A974 /* Pods_HPHangman.framework in Frameworks */,
			);
			runOnlyForDeploymentPostprocessing = 0;
		};
/* End PBXFrameworksBuildPhase section */

/* Begin PBXGroup section */
		9AD788A8CA99BD6F584F1899 /* Frameworks */ = {
			isa = PBXGroup;
			children = (
				345812F2871EC4AA4C10D2BD /* Pods_HPHangman.framework */,
			);
			name = Frameworks;
			sourceTree = "<group>";
		};
		A490D0C91E55E135004CE638 = {
			isa = PBXGroup;
			children = (
				A490D0D41E55E135004CE638 /* HPHangman */,
				A490D0D31E55E135004CE638 /* Products */,
				F4EC27F8FE16CC91360252F3 /* Pods */,
				9AD788A8CA99BD6F584F1899 /* Frameworks */,
			);
			sourceTree = "<group>";
		};
		A490D0D31E55E135004CE638 /* Products */ = {
			isa = PBXGroup;
			children = (
				A490D0D21E55E135004CE638 /* HPHangman.app */,
			);
			name = Products;
			sourceTree = "<group>";
		};
		A490D0D41E55E135004CE638 /* HPHangman */ = {
			isa = PBXGroup;
			children = (
				A490D0EE1E55E52D004CE638 /* Model */,
				A490D0F01E55E547004CE638 /* View */,
				A490D0F11E55E55E004CE638 /* Controller */,
				A490D0F21E55E56D004CE638 /* Other */,
			);
			path = HPHangman;
			sourceTree = "<group>";
		};
		A490D0EE1E55E52D004CE638 /* Model */ = {
			isa = PBXGroup;
			children = (
				A490D0EC1E55E20A004CE638 /* GringottsAccount.swift */,
				A490D0EA1E55E1C0004CE638 /* User.swift */,
				A471EEA51E57672B00E3EE71 /* Game.swift */,
				A490D0FB1E55E9BD004CE638 /* HangmanGameLogic.swift */,
				A490D0D51E55E135004CE638 /* AppDelegate.swift */,
				A490D0FD1E55F03F004CE638 /* wordListAPIClient.swift */,
			);
			name = Model;
			sourceTree = "<group>";
		};
		A490D0F01E55E547004CE638 /* View */ = {
			isa = PBXGroup;
			children = (
				A490D0D91E55E135004CE638 /* Main.storyboard */,
				A490D0E11E55E135004CE638 /* LaunchScreen.storyboard */,
			);
			name = View;
			sourceTree = "<group>";
		};
		A490D0F11E55E55E004CE638 /* Controller */ = {
			isa = PBXGroup;
			children = (
				A490D1011E560F06004CE638 /* HomeScreenVC.swift */,
				A490D0F91E55E842004CE638 /* HangmanGameVC.swift */,
				A4E8C3661E57D67A0081E6AA /* HangmanGameResultsViewController.swift */,
			);
			name = Controller;
			sourceTree = "<group>";
		};
		A490D0F21E55E56D004CE638 /* Other */ = {
			isa = PBXGroup;
			children = (
				A490D0DF1E55E135004CE638 /* Assets.xcassets */,
				A490D0E41E55E135004CE638 /* Info.plist */,
			);
			name = Other;
			sourceTree = "<group>";
		};
		F4EC27F8FE16CC91360252F3 /* Pods */ = {
			isa = PBXGroup;
			children = (
				339CDE8F172F6858BF2BFE58 /* Pods-HPHangman.debug.xcconfig */,
				2EE6A81A463B6DB07FB4D37B /* Pods-HPHangman.release.xcconfig */,
			);
			name = Pods;
			sourceTree = "<group>";
		};
/* End PBXGroup section */

/* Begin PBXNativeTarget section */
		A490D0D11E55E135004CE638 /* HPHangman */ = {
			isa = PBXNativeTarget;
			buildConfigurationList = A490D0E71E55E135004CE638 /* Build configuration list for PBXNativeTarget "HPHangman" */;
			buildPhases = (
				B427A4E895D3DDA2A38726A5 /* [CP] Check Pods Manifest.lock */,
				A490D0CE1E55E135004CE638 /* Sources */,
				A490D0CF1E55E135004CE638 /* Frameworks */,
				A490D0D01E55E135004CE638 /* Resources */,
				3885E9BB5F82C9240B76E163 /* [CP] Embed Pods Frameworks */,
				C34CAE778E389254B6470DB0 /* [CP] Copy Pods Resources */,
			);
			buildRules = (
			);
			dependencies = (
			);
			name = HPHangman;
			productName = HPHangman;
			productReference = A490D0D21E55E135004CE638 /* HPHangman.app */;
			productType = "com.apple.product-type.application";
		};
/* End PBXNativeTarget section */

/* Begin PBXProject section */
		A490D0CA1E55E135004CE638 /* Project object */ = {
			isa = PBXProject;
			attributes = {
				LastSwiftUpdateCheck = 0820;
				LastUpgradeCheck = 0820;
				ORGANIZATIONNAME = "Betty Fung";
				TargetAttributes = {
					A490D0D11E55E135004CE638 = {
						CreatedOnToolsVersion = 8.2.1;
						DevelopmentTeam = 4E8JHBC5T7;
						ProvisioningStyle = Automatic;
					};
				};
			};
			buildConfigurationList = A490D0CD1E55E135004CE638 /* Build configuration list for PBXProject "HPHangman" */;
			compatibilityVersion = "Xcode 3.2";
			developmentRegion = English;
			hasScannedForEncodings = 0;
			knownRegions = (
				en,
				Base,
			);
			mainGroup = A490D0C91E55E135004CE638;
			productRefGroup = A490D0D31E55E135004CE638 /* Products */;
			projectDirPath = "";
			projectRoot = "";
			targets = (
				A490D0D11E55E135004CE638 /* HPHangman */,
			);
		};
/* End PBXProject section */

/* Begin PBXResourcesBuildPhase section */
		A490D0D01E55E135004CE638 /* Resources */ = {
			isa = PBXResourcesBuildPhase;
			buildActionMask = 2147483647;
			files = (
				A490D0E31E55E135004CE638 /* LaunchScreen.storyboard in Resources */,
				A490D0E01E55E135004CE638 /* Assets.xcassets in Resources */,
				A490D0DB1E55E135004CE638 /* Main.storyboard in Resources */,
			);
			runOnlyForDeploymentPostprocessing = 0;
		};
/* End PBXResourcesBuildPhase section */

/* Begin PBXShellScriptBuildPhase section */
		3885E9BB5F82C9240B76E163 /* [CP] Embed Pods Frameworks */ = {
			isa = PBXShellScriptBuildPhase;
			buildActionMask = 2147483647;
			files = (
			);
			inputPaths = (
			);
			name = "[CP] Embed Pods Frameworks";
			outputPaths = (
			);
			runOnlyForDeploymentPostprocessing = 0;
			shellPath = /bin/sh;
			shellScript = "\"${SRCROOT}/Pods/Target Support Files/Pods-HPHangman/Pods-HPHangman-frameworks.sh\"\n";
			showEnvVarsInLog = 0;
		};
		B427A4E895D3DDA2A38726A5 /* [CP] Check Pods Manifest.lock */ = {
			isa = PBXShellScriptBuildPhase;
			buildActionMask = 2147483647;
			files = (
			);
			inputPaths = (
			);
			name = "[CP] Check Pods Manifest.lock";
			outputPaths = (
			);
			runOnlyForDeploymentPostprocessing = 0;
			shellPath = /bin/sh;
			shellScript = "diff \"${PODS_ROOT}/../Podfile.lock\" \"${PODS_ROOT}/Manifest.lock\" > /dev/null\nif [ $? != 0 ] ; then\n    # print error to STDERR\n    echo \"error: The sandbox is not in sync with the Podfile.lock. Run 'pod install' or update your CocoaPods installation.\" >&2\n    exit 1\nfi\n";
			showEnvVarsInLog = 0;
		};
		C34CAE778E389254B6470DB0 /* [CP] Copy Pods Resources */ = {
			isa = PBXShellScriptBuildPhase;
			buildActionMask = 2147483647;
			files = (
			);
			inputPaths = (
			);
			name = "[CP] Copy Pods Resources";
			outputPaths = (
			);
			runOnlyForDeploymentPostprocessing = 0;
			shellPath = /bin/sh;
			shellScript = "\"${SRCROOT}/Pods/Target Support Files/Pods-HPHangman/Pods-HPHangman-resources.sh\"\n";
			showEnvVarsInLog = 0;
		};
/* End PBXShellScriptBuildPhase section */

/* Begin PBXSourcesBuildPhase section */
		A490D0CE1E55E135004CE638 /* Sources */ = {
			isa = PBXSourcesBuildPhase;
			buildActionMask = 2147483647;
			files = (
				A4E8C3671E57D67A0081E6AA /* HangmanGameResultsViewController.swift in Sources */,
				A490D0EB1E55E1C0004CE638 /* User.swift in Sources */,
				A471EEA61E57672B00E3EE71 /* Game.swift in Sources */,
				A490D0ED1E55E20A004CE638 /* GringottsAccount.swift in Sources */,
				A490D1021E560F06004CE638 /* HomeScreenVC.swift in Sources */,
				A490D0FE1E55F03F004CE638 /* wordListAPIClient.swift in Sources */,
				A490D0D61E55E135004CE638 /* AppDelegate.swift in Sources */,
				A490D0FA1E55E842004CE638 /* HangmanGameVC.swift in Sources */,
				A490D0FC1E55E9BD004CE638 /* HangmanGameLogic.swift in Sources */,
			);
			runOnlyForDeploymentPostprocessing = 0;
		};
/* End PBXSourcesBuildPhase section */

/* Begin PBXVariantGroup section */
		A490D0D91E55E135004CE638 /* Main.storyboard */ = {
			isa = PBXVariantGroup;
			children = (
				A490D0DA1E55E135004CE638 /* Base */,
			);
			name = Main.storyboard;
			sourceTree = "<group>";
		};
		A490D0E11E55E135004CE638 /* LaunchScreen.storyboard */ = {
			isa = PBXVariantGroup;
			children = (
				A490D0E21E55E135004CE638 /* Base */,
			);
			name = LaunchScreen.storyboard;
			sourceTree = "<group>";
		};
/* End PBXVariantGroup section */

/* Begin XCBuildConfiguration section */
		A490D0E51E55E135004CE638 /* Debug */ = {
			isa = XCBuildConfiguration;
			buildSettings = {
				ALWAYS_SEARCH_USER_PATHS = NO;
				CLANG_ANALYZER_NONNULL = YES;
				CLANG_CXX_LANGUAGE_STANDARD = "gnu++0x";
				CLANG_CXX_LIBRARY = "libc++";
				CLANG_ENABLE_MODULES = YES;
				CLANG_ENABLE_OBJC_ARC = YES;
				CLANG_WARN_BOOL_CONVERSION = YES;
				CLANG_WARN_CONSTANT_CONVERSION = YES;
				CLANG_WARN_DIRECT_OBJC_ISA_USAGE = YES_ERROR;
				CLANG_WARN_DOCUMENTATION_COMMENTS = YES;
				CLANG_WARN_EMPTY_BODY = YES;
				CLANG_WARN_ENUM_CONVERSION = YES;
				CLANG_WARN_INFINITE_RECURSION = YES;
				CLANG_WARN_INT_CONVERSION = YES;
				CLANG_WARN_OBJC_ROOT_CLASS = YES_ERROR;
				CLANG_WARN_SUSPICIOUS_MOVE = YES;
				CLANG_WARN_UNREACHABLE_CODE = YES;
				CLANG_WARN__DUPLICATE_METHOD_MATCH = YES;
				"CODE_SIGN_IDENTITY[sdk=iphoneos*]" = "iPhone Developer";
				COPY_PHASE_STRIP = NO;
				DEBUG_INFORMATION_FORMAT = dwarf;
				ENABLE_STRICT_OBJC_MSGSEND = YES;
				ENABLE_TESTABILITY = YES;
				GCC_C_LANGUAGE_STANDARD = gnu99;
				GCC_DYNAMIC_NO_PIC = NO;
				GCC_NO_COMMON_BLOCKS = YES;
				GCC_OPTIMIZATION_LEVEL = 0;
				GCC_PREPROCESSOR_DEFINITIONS = (
					"DEBUG=1",
					"$(inherited)",
				);
				GCC_WARN_64_TO_32_BIT_CONVERSION = YES;
				GCC_WARN_ABOUT_RETURN_TYPE = YES_ERROR;
				GCC_WARN_UNDECLARED_SELECTOR = YES;
				GCC_WARN_UNINITIALIZED_AUTOS = YES_AGGRESSIVE;
				GCC_WARN_UNUSED_FUNCTION = YES;
				GCC_WARN_UNUSED_VARIABLE = YES;
				IPHONEOS_DEPLOYMENT_TARGET = 10.2;
				MTL_ENABLE_DEBUG_INFO = YES;
				ONLY_ACTIVE_ARCH = YES;
				SDKROOT = iphoneos;
				SWIFT_ACTIVE_COMPILATION_CONDITIONS = DEBUG;
				SWIFT_OPTIMIZATION_LEVEL = "-Onone";
			};
			name = Debug;
		};
		A490D0E61E55E135004CE638 /* Release */ = {
			isa = XCBuildConfiguration;
			buildSettings = {
				ALWAYS_SEARCH_USER_PATHS = NO;
				CLANG_ANALYZER_NONNULL = YES;
				CLANG_CXX_LANGUAGE_STANDARD = "gnu++0x";
				CLANG_CXX_LIBRARY = "libc++";
				CLANG_ENABLE_MODULES = YES;
				CLANG_ENABLE_OBJC_ARC = YES;
				CLANG_WARN_BOOL_CONVERSION = YES;
				CLANG_WARN_CONSTANT_CONVERSION = YES;
				CLANG_WARN_DIRECT_OBJC_ISA_USAGE = YES_ERROR;
				CLANG_WARN_DOCUMENTATION_COMMENTS = YES;
				CLANG_WARN_EMPTY_BODY = YES;
				CLANG_WARN_ENUM_CONVERSION = YES;
				CLANG_WARN_INFINITE_RECURSION = YES;
				CLANG_WARN_INT_CONVERSION = YES;
				CLANG_WARN_OBJC_ROOT_CLASS = YES_ERROR;
				CLANG_WARN_SUSPICIOUS_MOVE = YES;
				CLANG_WARN_UNREACHABLE_CODE = YES;
				CLANG_WARN__DUPLICATE_METHOD_MATCH = YES;
				"CODE_SIGN_IDENTITY[sdk=iphoneos*]" = "iPhone Developer";
				COPY_PHASE_STRIP = NO;
				DEBUG_INFORMATION_FORMAT = "dwarf-with-dsym";
				ENABLE_NS_ASSERTIONS = NO;
				ENABLE_STRICT_OBJC_MSGSEND = YES;
				GCC_C_LANGUAGE_STANDARD = gnu99;
				GCC_NO_COMMON_BLOCKS = YES;
				GCC_WARN_64_TO_32_BIT_CONVERSION = YES;
				GCC_WARN_ABOUT_RETURN_TYPE = YES_ERROR;
				GCC_WARN_UNDECLARED_SELECTOR = YES;
				GCC_WARN_UNINITIALIZED_AUTOS = YES_AGGRESSIVE;
				GCC_WARN_UNUSED_FUNCTION = YES;
				GCC_WARN_UNUSED_VARIABLE = YES;
				IPHONEOS_DEPLOYMENT_TARGET = 10.2;
				MTL_ENABLE_DEBUG_INFO = NO;
				SDKROOT = iphoneos;
				SWIFT_OPTIMIZATION_LEVEL = "-Owholemodule";
				VALIDATE_PRODUCT = YES;
			};
			name = Release;
		};
		A490D0E81E55E135004CE638 /* Debug */ = {
			isa = XCBuildConfiguration;
			baseConfigurationReference = 339CDE8F172F6858BF2BFE58 /* Pods-HPHangman.debug.xcconfig */;
			buildSettings = {
				ASSETCATALOG_COMPILER_APPICON_NAME = AppIcon;
				DEVELOPMENT_TEAM = 4E8JHBC5T7;
				INFOPLIST_FILE = HPHangman/Info.plist;
				LD_RUNPATH_SEARCH_PATHS = "$(inherited) @executable_path/Frameworks";
				PRODUCT_BUNDLE_IDENTIFIER = bettyfung.HPHangman;
				PRODUCT_NAME = "$(TARGET_NAME)";
				SWIFT_VERSION = 3.0;
			};
			name = Debug;
		};
		A490D0E91E55E135004CE638 /* Release */ = {
			isa = XCBuildConfiguration;
			baseConfigurationReference = 2EE6A81A463B6DB07FB4D37B /* Pods-HPHangman.release.xcconfig */;
			buildSettings = {
				ASSETCATALOG_COMPILER_APPICON_NAME = AppIcon;
				DEVELOPMENT_TEAM = 4E8JHBC5T7;
				INFOPLIST_FILE = HPHangman/Info.plist;
				LD_RUNPATH_SEARCH_PATHS = "$(inherited) @executable_path/Frameworks";
				PRODUCT_BUNDLE_IDENTIFIER = bettyfung.HPHangman;
				PRODUCT_NAME = "$(TARGET_NAME)";
				SWIFT_VERSION = 3.0;
			};
			name = Release;
		};
/* End XCBuildConfiguration section */

/* Begin XCConfigurationList section */
		A490D0CD1E55E135004CE638 /* Build configuration list for PBXProject "HPHangman" */ = {
			isa = XCConfigurationList;
			buildConfigurations = (
				A490D0E51E55E135004CE638 /* Debug */,
				A490D0E61E55E135004CE638 /* Release */,
			);
			defaultConfigurationIsVisible = 0;
			defaultConfigurationName = Release;
		};
		A490D0E71E55E135004CE638 /* Build configuration list for PBXNativeTarget "HPHangman" */ = {
			isa = XCConfigurationList;
			buildConfigurations = (
				A490D0E81E55E135004CE638 /* Debug */,
				A490D0E91E55E135004CE638 /* Release */,
			);
			defaultConfigurationIsVisible = 0;
			defaultConfigurationName = Release;
		};
/* End XCConfigurationList section */
	};
	rootObject = A490D0CA1E55E135004CE638 /* Project object */;
}
